{
    "requires": true,
    "lockfileVersion": 1,
    "dependencies": {
        "inputmask": {
            "version": "4.0.1-beta.39",
            "resolved": "https://registry.npmjs.org/inputmask/-/inputmask-4.0.1-beta.39.tgz",
            "integrity": "sha512-aTFeLe76QoyU2luiioOHtKTuAtjMX01fNy81YDoOcjeR/SGKjC8oTZciy/h8CrqXE2mHeXw//HqBm9gF5iSsPg=="
        }
    }
}
